
Microsoft Visual Studio Solution File, Format Version 12.00
# Visual Studio Version 17
VisualStudioVersion = 17.9.34728.123
MinimumVisualStudioVersion = 10.0.40219.1
Project("{FAE04EC0-301F-11D3-BF4B-00C04F79EFBC}") = "ToDoAPP", "ToDoAPP\ToDoAPP.csproj", "{2CFC26E5-868B-4632-831F-D94152E3775C}"
EndProject
Global
	GlobalSection(SolutionConfigurationPlatforms) = preSolution
		Debug|Any CPU = Debug|Any CPU
		Release|Any CPU = Release|Any CPU
	EndGlobalSection
	GlobalSection(ProjectConfigurationPlatforms) = postSolution
		{2CFC26E5-868B-4632-831F-D94152E3775C}.Debug|Any CPU.ActiveCfg = Debug|Any CPU
		{2CFC26E5-868B-4632-831F-D94152E3775C}.Debug|Any CPU.Build.0 = Debug|Any CPU
		{2CFC26E5-868B-4632-831F-D94152E3775C}.Release|Any CPU.ActiveCfg = Release|Any CPU
		{2CFC26E5-868B-4632-831F-D94152E3775C}.Release|Any CPU.Build.0 = Release|Any CPU
	EndGlobalSection
	GlobalSection(SolutionProperties) = preSolution
		HideSolutionNode = FALSE
	EndGlobalSection
	GlobalSection(ExtensibilityGlobals) = postSolution
		SolutionGuid = {ACFB3AE4-1930-43C9-A011-EF42856ADD1B}
	EndGlobalSection
EndGlobal
